
Microsoft Visual Studio Solution File, Format Version 12.00
# Visual Studio Version 16
VisualStudioVersion = 16.0.30907.101
MinimumVisualStudioVersion = 10.0.40219.1
Project("{9A19103F-16F7-4668-BE54-9A1E7A4F7556}") = "KampIntro", "KampIntro\KampIntro.csproj", "{E40D4308-C60D-47D7-BB93-669CF85F9389}"
EndProject
Project("{9A19103F-16F7-4668-BE54-9A1E7A4F7556}") = "Donguler", "Donguler\Donguler.csproj", "{197B64FD-6D97-4044-8F82-1FD5CD59C838}"
EndProject
Project("{9A19103F-16F7-4668-BE54-9A1E7A4F7556}") = "Metotlar", "Metotlar\Metotlar.csproj", "{2E295792-8EE7-4E48-8228-90F0D68BC31A}"
EndProject
Project("{9A19103F-16F7-4668-BE54-9A1E7A4F7556}") = "Matematik", "Matematik\Matematik.csproj", "{F1E37C54-0DAF-4017-A2D7-1B5482854C65}"
EndProject
Project("{9A19103F-16F7-4668-BE54-9A1E7A4F7556}") = "DegerVeReferansTipler", "DegerVeReferansTipler\DegerVeReferansTipler.csproj", "{DCD9922C-CA7E-447C-A390-46EB7A88B2AC}"
EndProject
Project("{9A19103F-16F7-4668-BE54-9A1E7A4F7556}") = "Methods", "Methods\Methods.csproj", "{18191175-A322-48BC-A420-67DBC0FF5120}"
EndProject
Project("{9A19103F-16F7-4668-BE54-9A1E7A4F7556}") = "ClassMetotDemo", "ClassMetotDemo\ClassMetotDemo.csproj", "{141F600E-C148-4409-A41E-C5883B721D2A}"
EndProject
Project("{9A19103F-16F7-4668-BE54-9A1E7A4F7556}") = "OOP1", "OOP1\OOP1.csproj", "{D03D05A0-4E40-4D45-92A9-A3E382D7D779}"
EndProject
Project("{9A19103F-16F7-4668-BE54-9A1E7A4F7556}") = "Collections", "Collections\Collections.csproj", "{498B40E5-227C-4956-9B90-CF2C8CAAB1A3}"
EndProject
Project("{9A19103F-16F7-4668-BE54-9A1E7A4F7556}") = "GenericsIntro", "GenericsIntro\GenericsIntro.csproj", "{1E1ADD25-DBF6-4B93-9A87-656147F6147F}"
EndProject
Project("{9A19103F-16F7-4668-BE54-9A1E7A4F7556}") = "ReferenceTypes", "ReferenceTypes\ReferenceTypes.csproj", "{2D45F5C4-427B-48AB-A6BC-229D8F6CD210}"
EndProject
Project("{9A19103F-16F7-4668-BE54-9A1E7A4F7556}") = "GenericsIntro2", "GenericsIntro2\GenericsIntro2.csproj", "{407379A2-4D5F-4265-A011-C64765E12AF6}"
EndProject
Project("{9A19103F-16F7-4668-BE54-9A1E7A4F7556}") = "Constructors", "Constructors\Constructors.csproj", "{CFAA4954-0330-4ECA-8AAF-63CA686D7ADF}"
EndProject
Project("{9A19103F-16F7-4668-BE54-9A1E7A4F7556}") = "Generics", "Generics\Generics.csproj", "{E48465D9-AC3D-4DA9-8FD0-6911829AEDBC}"
EndProject
Project("{9A19103F-16F7-4668-BE54-9A1E7A4F7556}") = "Dictionaries", "MyDict\Dictionaries.csproj", "{AAC0B720-94A0-453D-AB68-46F74E77ED80}"
EndProject
Project("{9A19103F-16F7-4668-BE54-9A1E7A4F7556}") = "Dictionary", "Dictionary\Dictionary.csproj", "{A0E7BE2A-474E-47AB-A754-7B52CBE752E7}"
EndProject
Project("{9A19103F-16F7-4668-BE54-9A1E7A4F7556}") = "OOP2", "OOP2\OOP2.csproj", "{5E4FE3D9-EFF2-4771-B863-96BA9AA48FC3}"
EndProject
Project("{9A19103F-16F7-4668-BE54-9A1E7A4F7556}") = "OOP3", "OOP3\OOP3.csproj", "{CECC8132-BE43-476F-A539-31ABABF4D1FB}"
EndProject
Project("{9A19103F-16F7-4668-BE54-9A1E7A4F7556}") = "ClassesWorking", "ClassesWorking\ClassesWorking.csproj", "{C67F2386-3E46-45D4-977E-434BC99E317F}"
EndProject
Project("{FAE04EC0-301F-11D3-BF4B-00C04F79EFBC}") = "RecapDemo1", "RecapDemo1\RecapDemo1.csproj", "{A8BE2671-6F4E-4D3B-B47C-BCA27A70C5B9}"
EndProject
Project("{FAE04EC0-301F-11D3-BF4B-00C04F79EFBC}") = "Interfaces", "Interfaces\Interfaces.csproj", "{B325870D-B763-45B8-A61A-CB9C918A5EB1}"
EndProject
Project("{FAE04EC0-301F-11D3-BF4B-00C04F79EFBC}") = "InterfacesDemo", "InterfacesDemo\InterfacesDemo.csproj", "{411E9894-BFBD-4180-AC54-F48C4A4460F1}"
EndProject
Project("{FAE04EC0-301F-11D3-BF4B-00C04F79EFBC}") = "Inheritance", "Inheritance\Inheritance.csproj", "{E6E1B7CF-5949-4B67-AF37-3469A9837A50}"
EndProject
Project("{9A19103F-16F7-4668-BE54-9A1E7A4F7556}") = "Interfaces2", "Interface2\Interfaces2.csproj", "{887FBE7F-9904-4F04-88E7-5699FF0CBB54}"
EndProject
Project("{9A19103F-16F7-4668-BE54-9A1E7A4F7556}") = "AbstractClasses", "AbstractClasses\AbstractClasses.csproj", "{332DA952-1A9A-42F9-9E7A-2160576EE801}"
EndProject
Project("{9A19103F-16F7-4668-BE54-9A1E7A4F7556}") = "GameWork", "Game\GameWork.csproj", "{F6D4DC5C-5203-4754-8194-33587DA87F52}"
EndProject
Project("{FAE04EC0-301F-11D3-BF4B-00C04F79EFBC}") = "TRYİNG", "TRYİNG\TRYİNG.csproj", "{38BBEF55-2680-482E-AED9-5D1331178E83}"
EndProject
Global
	GlobalSection(SolutionConfigurationPlatforms) = preSolution
		Debug|Any CPU = Debug|Any CPU
		Release|Any CPU = Release|Any CPU
	EndGlobalSection
	GlobalSection(ProjectConfigurationPlatforms) = postSolution
		{E40D4308-C60D-47D7-BB93-669CF85F9389}.Debug|Any CPU.ActiveCfg = Debug|Any CPU
		{E40D4308-C60D-47D7-BB93-669CF85F9389}.Debug|Any CPU.Build.0 = Debug|Any CPU
		{E40D4308-C60D-47D7-BB93-669CF85F9389}.Release|Any CPU.ActiveCfg = Release|Any CPU
		{E40D4308-C60D-47D7-BB93-669CF85F9389}.Release|Any CPU.Build.0 = Release|Any CPU
		{197B64FD-6D97-4044-8F82-1FD5CD59C838}.Debug|Any CPU.ActiveCfg = Debug|Any CPU
		{197B64FD-6D97-4044-8F82-1FD5CD59C838}.Debug|Any CPU.Build.0 = Debug|Any CPU
		{197B64FD-6D97-4044-8F82-1FD5CD59C838}.Release|Any CPU.ActiveCfg = Release|Any CPU
		{197B64FD-6D97-4044-8F82-1FD5CD59C838}.Release|Any CPU.Build.0 = Release|Any CPU
		{2E295792-8EE7-4E48-8228-90F0D68BC31A}.Debug|Any CPU.ActiveCfg = Debug|Any CPU
		{2E295792-8EE7-4E48-8228-90F0D68BC31A}.Debug|Any CPU.Build.0 = Debug|Any CPU
		{2E295792-8EE7-4E48-8228-90F0D68BC31A}.Release|Any CPU.ActiveCfg = Release|Any CPU
		{2E295792-8EE7-4E48-8228-90F0D68BC31A}.Release|Any CPU.Build.0 = Release|Any CPU
		{F1E37C54-0DAF-4017-A2D7-1B5482854C65}.Debug|Any CPU.ActiveCfg = Debug|Any CPU
		{F1E37C54-0DAF-4017-A2D7-1B5482854C65}.Debug|Any CPU.Build.0 = Debug|Any CPU
		{F1E37C54-0DAF-4017-A2D7-1B5482854C65}.Release|Any CPU.ActiveCfg = Release|Any CPU
		{F1E37C54-0DAF-4017-A2D7-1B5482854C65}.Release|Any CPU.Build.0 = Release|Any CPU
		{DCD9922C-CA7E-447C-A390-46EB7A88B2AC}.Debug|Any CPU.ActiveCfg = Debug|Any CPU
		{DCD9922C-CA7E-447C-A390-46EB7A88B2AC}.Debug|Any CPU.Build.0 = Debug|Any CPU
		{DCD9922C-CA7E-447C-A390-46EB7A88B2AC}.Release|Any CPU.ActiveCfg = Release|Any CPU
		{DCD9922C-CA7E-447C-A390-46EB7A88B2AC}.Release|Any CPU.Build.0 = Release|Any CPU
		{18191175-A322-48BC-A420-67DBC0FF5120}.Debug|Any CPU.ActiveCfg = Debug|Any CPU
		{18191175-A322-48BC-A420-67DBC0FF5120}.Debug|Any CPU.Build.0 = Debug|Any CPU
		{18191175-A322-48BC-A420-67DBC0FF5120}.Release|Any CPU.ActiveCfg = Release|Any CPU
		{18191175-A322-48BC-A420-67DBC0FF5120}.Release|Any CPU.Build.0 = Release|Any CPU
		{141F600E-C148-4409-A41E-C5883B721D2A}.Debug|Any CPU.ActiveCfg = Debug|Any CPU
		{141F600E-C148-4409-A41E-C5883B721D2A}.Debug|Any CPU.Build.0 = Debug|Any CPU
		{141F600E-C148-4409-A41E-C5883B721D2A}.Release|Any CPU.ActiveCfg = Release|Any CPU
		{141F600E-C148-4409-A41E-C5883B721D2A}.Release|Any CPU.Build.0 = Release|Any CPU
		{D03D05A0-4E40-4D45-92A9-A3E382D7D779}.Debug|Any CPU.ActiveCfg = Debug|Any CPU
		{D03D05A0-4E40-4D45-92A9-A3E382D7D779}.Debug|Any CPU.Build.0 = Debug|Any CPU
		{D03D05A0-4E40-4D45-92A9-A3E382D7D779}.Release|Any CPU.ActiveCfg = Release|Any CPU
		{D03D05A0-4E40-4D45-92A9-A3E382D7D779}.Release|Any CPU.Build.0 = Release|Any CPU
		{498B40E5-227C-4956-9B90-CF2C8CAAB1A3}.Debug|Any CPU.ActiveCfg = Debug|Any CPU
		{498B40E5-227C-4956-9B90-CF2C8CAAB1A3}.Debug|Any CPU.Build.0 = Debug|Any CPU
		{498B40E5-227C-4956-9B90-CF2C8CAAB1A3}.Release|Any CPU.ActiveCfg = Release|Any CPU
		{498B40E5-227C-4956-9B90-CF2C8CAAB1A3}.Release|Any CPU.Build.0 = Release|Any CPU
		{1E1ADD25-DBF6-4B93-9A87-656147F6147F}.Debug|Any CPU.ActiveCfg = Debug|Any CPU
		{1E1ADD25-DBF6-4B93-9A87-656147F6147F}.Debug|Any CPU.Build.0 = Debug|Any CPU
		{1E1ADD25-DBF6-4B93-9A87-656147F6147F}.Release|Any CPU.ActiveCfg = Release|Any CPU
		{1E1ADD25-DBF6-4B93-9A87-656147F6147F}.Release|Any CPU.Build.0 = Release|Any CPU
		{2D45F5C4-427B-48AB-A6BC-229D8F6CD210}.Debug|Any CPU.ActiveCfg = Debug|Any CPU
		{2D45F5C4-427B-48AB-A6BC-229D8F6CD210}.Debug|Any CPU.Build.0 = Debug|Any CPU
		{2D45F5C4-427B-48AB-A6BC-229D8F6CD210}.Release|Any CPU.ActiveCfg = Release|Any CPU
		{2D45F5C4-427B-48AB-A6BC-229D8F6CD210}.Release|Any CPU.Build.0 = Release|Any CPU
		{407379A2-4D5F-4265-A011-C64765E12AF6}.Debug|Any CPU.ActiveCfg = Debug|Any CPU
		{407379A2-4D5F-4265-A011-C64765E12AF6}.Debug|Any CPU.Build.0 = Debug|Any CPU
		{407379A2-4D5F-4265-A011-C64765E12AF6}.Release|Any CPU.ActiveCfg = Release|Any CPU
		{407379A2-4D5F-4265-A011-C64765E12AF6}.Release|Any CPU.Build.0 = Release|Any CPU
		{CFAA4954-0330-4ECA-8AAF-63CA686D7ADF}.Debug|Any CPU.ActiveCfg = Debug|Any CPU
		{CFAA4954-0330-4ECA-8AAF-63CA686D7ADF}.Debug|Any CPU.Build.0 = Debug|Any CPU
		{CFAA4954-0330-4ECA-8AAF-63CA686D7ADF}.Release|Any CPU.ActiveCfg = Release|Any CPU
		{CFAA4954-0330-4ECA-8AAF-63CA686D7ADF}.Release|Any CPU.Build.0 = Release|Any CPU
		{E48465D9-AC3D-4DA9-8FD0-6911829AEDBC}.Debug|Any CPU.ActiveCfg = Debug|Any CPU
		{E48465D9-AC3D-4DA9-8FD0-6911829AEDBC}.Debug|Any CPU.Build.0 = Debug|Any CPU
		{E48465D9-AC3D-4DA9-8FD0-6911829AEDBC}.Release|Any CPU.ActiveCfg = Release|Any CPU
		{E48465D9-AC3D-4DA9-8FD0-6911829AEDBC}.Release|Any CPU.Build.0 = Release|Any CPU
		{AAC0B720-94A0-453D-AB68-46F74E77ED80}.Debug|Any CPU.ActiveCfg = Debug|Any CPU
		{AAC0B720-94A0-453D-AB68-46F74E77ED80}.Debug|Any CPU.Build.0 = Debug|Any CPU
		{AAC0B720-94A0-453D-AB68-46F74E77ED80}.Release|Any CPU.ActiveCfg = Release|Any CPU
		{AAC0B720-94A0-453D-AB68-46F74E77ED80}.Release|Any CPU.Build.0 = Release|Any CPU
		{A0E7BE2A-474E-47AB-A754-7B52CBE752E7}.Debug|Any CPU.ActiveCfg = Debug|Any CPU
		{A0E7BE2A-474E-47AB-A754-7B52CBE752E7}.Debug|Any CPU.Build.0 = Debug|Any CPU
		{A0E7BE2A-474E-47AB-A754-7B52CBE752E7}.Release|Any CPU.ActiveCfg = Release|Any CPU
		{A0E7BE2A-474E-47AB-A754-7B52CBE752E7}.Release|Any CPU.Build.0 = Release|Any CPU
		{5E4FE3D9-EFF2-4771-B863-96BA9AA48FC3}.Debug|Any CPU.ActiveCfg = Debug|Any CPU
		{5E4FE3D9-EFF2-4771-B863-96BA9AA48FC3}.Debug|Any CPU.Build.0 = Debug|Any CPU
		{5E4FE3D9-EFF2-4771-B863-96BA9AA48FC3}.Release|Any CPU.ActiveCfg = Release|Any CPU
		{5E4FE3D9-EFF2-4771-B863-96BA9AA48FC3}.Release|Any CPU.Build.0 = Release|Any CPU
		{CECC8132-BE43-476F-A539-31ABABF4D1FB}.Debug|Any CPU.ActiveCfg = Debug|Any CPU
		{CECC8132-BE43-476F-A539-31ABABF4D1FB}.Debug|Any CPU.Build.0 = Debug|Any CPU
		{CECC8132-BE43-476F-A539-31ABABF4D1FB}.Release|Any CPU.ActiveCfg = Release|Any CPU
		{CECC8132-BE43-476F-A539-31ABABF4D1FB}.Release|Any CPU.Build.0 = Release|Any CPU
		{C67F2386-3E46-45D4-977E-434BC99E317F}.Debug|Any CPU.ActiveCfg = Debug|Any CPU
		{C67F2386-3E46-45D4-977E-434BC99E317F}.Debug|Any CPU.Build.0 = Debug|Any CPU
		{C67F2386-3E46-45D4-977E-434BC99E317F}.Release|Any CPU.ActiveCfg = Release|Any CPU
		{C67F2386-3E46-45D4-977E-434BC99E317F}.Release|Any CPU.Build.0 = Release|Any CPU
		{A8BE2671-6F4E-4D3B-B47C-BCA27A70C5B9}.Debug|Any CPU.ActiveCfg = Debug|Any CPU
		{A8BE2671-6F4E-4D3B-B47C-BCA27A70C5B9}.Debug|Any CPU.Build.0 = Debug|Any CPU
		{A8BE2671-6F4E-4D3B-B47C-BCA27A70C5B9}.Release|Any CPU.ActiveCfg = Release|Any CPU
		{A8BE2671-6F4E-4D3B-B47C-BCA27A70C5B9}.Release|Any CPU.Build.0 = Release|Any CPU
		{B325870D-B763-45B8-A61A-CB9C918A5EB1}.Debug|Any CPU.ActiveCfg = Debug|Any CPU
		{B325870D-B763-45B8-A61A-CB9C918A5EB1}.Debug|Any CPU.Build.0 = Debug|Any CPU
		{B325870D-B763-45B8-A61A-CB9C918A5EB1}.Release|Any CPU.ActiveCfg = Release|Any CPU
		{B325870D-B763-45B8-A61A-CB9C918A5EB1}.Release|Any CPU.Build.0 = Release|Any CPU
		{411E9894-BFBD-4180-AC54-F48C4A4460F1}.Debug|Any CPU.ActiveCfg = Debug|Any CPU
		{411E9894-BFBD-4180-AC54-F48C4A4460F1}.Debug|Any CPU.Build.0 = Debug|Any CPU
		{411E9894-BFBD-4180-AC54-F48C4A4460F1}.Release|Any CPU.ActiveCfg = Release|Any CPU
		{411E9894-BFBD-4180-AC54-F48C4A4460F1}.Release|Any CPU.Build.0 = Release|Any CPU
		{E6E1B7CF-5949-4B67-AF37-3469A9837A50}.Debug|Any CPU.ActiveCfg = Debug|Any CPU
		{E6E1B7CF-5949-4B67-AF37-3469A9837A50}.Debug|Any CPU.Build.0 = Debug|Any CPU
		{E6E1B7CF-5949-4B67-AF37-3469A9837A50}.Release|Any CPU.ActiveCfg = Release|Any CPU
		{E6E1B7CF-5949-4B67-AF37-3469A9837A50}.Release|Any CPU.Build.0 = Release|Any CPU
		{887FBE7F-9904-4F04-88E7-5699FF0CBB54}.Debug|Any CPU.ActiveCfg = Debug|Any CPU
		{887FBE7F-9904-4F04-88E7-5699FF0CBB54}.Debug|Any CPU.Build.0 = Debug|Any CPU
		{887FBE7F-9904-4F04-88E7-5699FF0CBB54}.Release|Any CPU.ActiveCfg = Release|Any CPU
		{887FBE7F-9904-4F04-88E7-5699FF0CBB54}.Release|Any CPU.Build.0 = Release|Any CPU
		{332DA952-1A9A-42F9-9E7A-2160576EE801}.Debug|Any CPU.ActiveCfg = Debug|Any CPU
		{332DA952-1A9A-42F9-9E7A-2160576EE801}.Debug|Any CPU.Build.0 = Debug|Any CPU
		{332DA952-1A9A-42F9-9E7A-2160576EE801}.Release|Any CPU.ActiveCfg = Release|Any CPU
		{332DA952-1A9A-42F9-9E7A-2160576EE801}.Release|Any CPU.Build.0 = Release|Any CPU
		{F6D4DC5C-5203-4754-8194-33587DA87F52}.Debug|Any CPU.ActiveCfg = Debug|Any CPU
		{F6D4DC5C-5203-4754-8194-33587DA87F52}.Debug|Any CPU.Build.0 = Debug|Any CPU
		{F6D4DC5C-5203-4754-8194-33587DA87F52}.Release|Any CPU.ActiveCfg = Release|Any CPU
		{F6D4DC5C-5203-4754-8194-33587DA87F52}.Release|Any CPU.Build.0 = Release|Any CPU
		{38BBEF55-2680-482E-AED9-5D1331178E83}.Debug|Any CPU.ActiveCfg = Debug|Any CPU
		{38BBEF55-2680-482E-AED9-5D1331178E83}.Debug|Any CPU.Build.0 = Debug|Any CPU
		{38BBEF55-2680-482E-AED9-5D1331178E83}.Release|Any CPU.ActiveCfg = Release|Any CPU
		{38BBEF55-2680-482E-AED9-5D1331178E83}.Release|Any CPU.Build.0 = Release|Any CPU
	EndGlobalSection
	GlobalSection(SolutionProperties) = preSolution
		HideSolutionNode = FALSE
	EndGlobalSection
	GlobalSection(ExtensibilityGlobals) = postSolution
		SolutionGuid = {A555174A-FBA1-4F5D-ACEB-1AE8545DD76A}
	EndGlobalSection
EndGlobal
